{
  "name": "CPM",
  "version": "1.0.0",
  "lockfileVersion": 3,
  "requires": true,
  "packages": {
    "": {
      "name": "CPM",
      "version": "1.0.0",
      "dependencies": {
        "cytoscape": "^3.34.0",
        "react-cytoscapejs": "^2.0.0"
      },
      "devDependencies": {
        "@types/cytoscape": "^3.21.9"
      }
    },
    "node_modules/@types/cytoscape": {
      "version": "3.21.9",
      "resolved": "https://registry.npmjs.org/@types/cytoscape/-/cytoscape-3.21.9.tgz",
      "integrity": "sha512-JyrG4tllI6jvuISPjHK9j2Xv/LTbnLekLke5otGStjFluIyA9JjgnvgZrSBsp8cEDpiTjwgZUZwpPv8TSBcoLw==",
      "dev": true,
      "license": "MIT"
    },
    "node_modules/cytoscape": {
      "version": "3.34.0",
      "resolved": "https://registry.npmjs.org/cytoscape/-/cytoscape-3.34.0.tgz",
      "integrity": "sha512-62rNSrioXw93uliKFBwjukeQyeWwH2PqDrTac31r2P6464u3AUvTk0xS4LVvT251g7IgkFunrI48ZEZGjywSOg==",
      "license": "MIT",
      "peer": true,
      "engines": {
        "node": ">=0.10"
      }
    },
    "node_modules/js-tokens": {
      "version": "4.0.0",
      "resolved": "https://registry.npmjs.org/js-tokens/-/js-tokens-4.0.0.tgz",
      "integrity": "sha512-RdJUflcE3cUzKiMqQgsCu06FPu9UdIJO0beYbPhHN4k6apgJtifcoCtT9bcxOpYBtpD2kCM6Sbzg4CausW/PKQ==",
      "license": "MIT"
    },
    "node_modules/loose-envify": {
      "version": "1.4.0",
      "resolved": "https://registry.npmjs.org/loose-envify/-/loose-envify-1.4.0.tgz",
      "integrity": "sha512-lyuxPGr/Wfhrlem2CL/UcnUc1zcqKAImBDzukY7Y5F/yQiNdko6+fRLevlw1HgMySw7f611UIY408EtxRSoK3Q==",
      "license": "MIT",
      "dependencies": {
        "js-tokens": "^3.0.0 || ^4.0.0"
      },
      "bin": {
        "loose-envify": "cli.js"
      }
    },
    "node_modules/object-assign": {
      "version": "4.1.1",
      "resolved": "https://registry.npmjs.org/object-assign/-/object-assign-4.1.1.tgz",
      "integrity": "sha512-rJgTQnkUnH1sFw8yT6VSU3zD3sWmu6sZhIseY8VX+GRu3P6F7Fu+JNDoXfklElbLJSnc3FUQHVe4cU5hj+BcUg==",
      "license": "MIT",
      "engines": {
        "node": ">=0.10.0"
      }
    },
    "node_modules/prop-types": {
      "version": "15.8.1",
      "resolved": "https://registry.npmjs.org/prop-types/-/prop-types-15.8.1.tgz",
      "integrity": "sha512-oj87CgZICdulUohogVAR7AjlC0327U4el4L6eAvOqCeudMDVU0NThNaV+b9Df4dXgSP1gXMTnPdhfe/2qDH5cg==",
      "license": "MIT",
      "dependencies": {
        "loose-envify": "^1.4.0",
        "object-assign": "^4.1.1",
        "react-is": "^16.13.1"
      }
    },
    "node_modules/react": {
      "version": "19.2.7",
      "resolved": "https://registry.npmjs.org/react/-/react-19.2.7.tgz",
      "integrity": "sha512-HNe9WslTbXmFK8o8cmwgAeJFSBvt1bPdHCVKtaaV+WlAN36mpT4hcRpwbf3fY56ar2oIXzsBpOAiIRHAdY0OlQ==",
      "license": "MIT",
      "peer": true,
      "engines": {
        "node": ">=0.10.0"
      }
    },
    "node_modules/react-cytoscapejs": {
      "version": "2.0.0",
      "resolved": "https://registry.npmjs.org/react-cytoscapejs/-/react-cytoscapejs-2.0.0.tgz",
      "integrity": "sha512-t3SSl1DQy7+JQjN+8QHi1anEJlM3i3aAeydHTsJwmjo/isyKK7Rs7oCvU6kZsB9NwZidzZQR21Vm2PcBLG/Tjg==",
      "license": "MIT",
      "dependencies": {
        "prop-types": "^15.8.1"
      },
      "peerDependencies": {
        "cytoscape": "^3.2.19",
        "react": ">=15.0.0"
      }
    },
    "node_modules/react-is": {
      "version": "16.13.1",
      "resolved": "https://registry.npmjs.org/react-is/-/react-is-16.13.1.tgz",
      "integrity": "sha512-24e6ynE2H+OKt4kqsOvNd8kBpV65zoxbA4BVsEOB3ARVWQki/DHzaUoC5KuON/BiccDaCCTZBuOcfZs70kR8bQ==",
      "license": "MIT"
    }
  }
}
